// !$*UTF8*$!
{
	archiveVersion = 1;
	classes = {
	};
	objectVersion = 56;
	objects = {

/* Begin PBXBuildFile section */
		5D2BA5782B640F04001C8DE6 /* ProfileViewModel.swift in Sources */ = {isa = PBXBuildFile; fileRef = 5D2BA5772B640F04001C8DE6 /* ProfileViewModel.swift */; };
		5D2BA57A2B658B91001C8DE6 /* Order.swift in Sources */ = {isa = PBXBuildFile; fileRef = 5D2BA5792B658B91001C8DE6 /* Order.swift */; };
		5D317FA32B6EEAD00059318B /* OrderCell.swift in Sources */ = {isa = PBXBuildFile; fileRef = 5D317FA22B6EEAD00059318B /* OrderCell.swift */; };
		5D317FA52B6FE01D0059318B /* AdminOrderView.swift in Sources */ = {isa = PBXBuildFile; fileRef = 5D317FA42B6FE01D0059318B /* AdminOrderView.swift */; };
		5D317FA82B6FE1D30059318B /* AdminOrdersViewModel.swift in Sources */ = {isa = PBXBuildFile; fileRef = 5D317FA72B6FE1D30059318B /* AdminOrdersViewModel.swift */; };
		5D317FAA2B6FE60F0059318B /* OrderView.swift in Sources */ = {isa = PBXBuildFile; fileRef = 5D317FA92B6FE60F0059318B /* OrderView.swift */; };
		5D317FAC2B6FE6430059318B /* OrderViewModel.swift in Sources */ = {isa = PBXBuildFile; fileRef = 5D317FAB2B6FE6430059318B /* OrderViewModel.swift */; };
		5D4D11552BE2589D00691D84 /* PushNotificationView.swift in Sources */ = {isa = PBXBuildFile; fileRef = 5D4D11542BE2589D00691D84 /* PushNotificationView.swift */; };
		5D4E077F2B55847E00C9A8EB /* PirouetteApp.swift in Sources */ = {isa = PBXBuildFile; fileRef = 5D4E077E2B55847E00C9A8EB /* PirouetteApp.swift */; };
		5D4E07812B55847E00C9A8EB /* AuthView.swift in Sources */ = {isa = PBXBuildFile; fileRef = 5D4E07802B55847E00C9A8EB /* AuthView.swift */; };
		5D4E07832B55848000C9A8EB /* Assets.xcassets in Resources */ = {isa = PBXBuildFile; fileRef = 5D4E07822B55848000C9A8EB /* Assets.xcassets */; };
		5D4E07862B55848000C9A8EB /* Preview Assets.xcassets in Resources */ = {isa = PBXBuildFile; fileRef = 5D4E07852B55848000C9A8EB /* Preview Assets.xcassets */; };
		5D4E078F2B59697900C9A8EB /* MainTabBar.swift in Sources */ = {isa = PBXBuildFile; fileRef = 5D4E078E2B59697900C9A8EB /* MainTabBar.swift */; };
		5D4E07912B596DC800C9A8EB /* CatalogView.swift in Sources */ = {isa = PBXBuildFile; fileRef = 5D4E07902B596DC800C9A8EB /* CatalogView.swift */; };
		5D4E07932B596E0700C9A8EB /* CartView.swift in Sources */ = {isa = PBXBuildFile; fileRef = 5D4E07922B596E0700C9A8EB /* CartView.swift */; };
		5D4E07952B596E1B00C9A8EB /* ProfileView.swift in Sources */ = {isa = PBXBuildFile; fileRef = 5D4E07942B596E1B00C9A8EB /* ProfileView.swift */; };
		5D4E07982B5975DC00C9A8EB /* Product.swift in Sources */ = {isa = PBXBuildFile; fileRef = 5D4E07972B5975DC00C9A8EB /* Product.swift */; };
		5D4E079A2B5976DC00C9A8EB /* ProductCell.swift in Sources */ = {isa = PBXBuildFile; fileRef = 5D4E07992B5976DC00C9A8EB /* ProductCell.swift */; };
		5D4E079E2B5A974E00C9A8EB /* CatalogViewModel.swift in Sources */ = {isa = PBXBuildFile; fileRef = 5D4E079D2B5A974E00C9A8EB /* CatalogViewModel.swift */; };
		5D4E07A12B5AA14200C9A8EB /* ProductDetailedView.swift in Sources */ = {isa = PBXBuildFile; fileRef = 5D4E07A02B5AA14200C9A8EB /* ProductDetailedView.swift */; };
		5D4E07A32B5AC89200C9A8EB /* ProductDetailViewModel.swift in Sources */ = {isa = PBXBuildFile; fileRef = 5D4E07A22B5AC89200C9A8EB /* ProductDetailViewModel.swift */; };
		5D85C0872BB9C91400BB2000 /* FirebaseAnalytics in Frameworks */ = {isa = PBXBuildFile; productRef = 5D85C0862BB9C91400BB2000 /* FirebaseAnalytics */; };
		5D85C0892BB9C91400BB2000 /* FirebaseAuth in Frameworks */ = {isa = PBXBuildFile; productRef = 5D85C0882BB9C91400BB2000 /* FirebaseAuth */; };
		5D85C08B2BB9C91400BB2000 /* FirebaseDatabase in Frameworks */ = {isa = PBXBuildFile; productRef = 5D85C08A2BB9C91400BB2000 /* FirebaseDatabase */; };
		5D85C08D2BB9C91400BB2000 /* FirebaseFirestore in Frameworks */ = {isa = PBXBuildFile; productRef = 5D85C08C2BB9C91400BB2000 /* FirebaseFirestore */; };
		5D85C08F2BB9C91400BB2000 /* FirebaseFunctions in Frameworks */ = {isa = PBXBuildFile; productRef = 5D85C08E2BB9C91400BB2000 /* FirebaseFunctions */; };
		5D85C0912BB9C91400BB2000 /* FirebaseMessaging in Frameworks */ = {isa = PBXBuildFile; productRef = 5D85C0902BB9C91400BB2000 /* FirebaseMessaging */; };
		5D85C0932BB9C91400BB2000 /* FirebaseStorage in Frameworks */ = {isa = PBXBuildFile; productRef = 5D85C0922BB9C91400BB2000 /* FirebaseStorage */; };
		5D85C0952BB9CC9A00BB2000 /* GoogleService-Info.plist in Resources */ = {isa = PBXBuildFile; fileRef = 5D85C0942BB9CC9A00BB2000 /* GoogleService-Info.plist */; };
		5DB62FF52B815B02008778F2 /* StorageService.swift in Sources */ = {isa = PBXBuildFile; fileRef = 5DB62FF42B815B02008778F2 /* StorageService.swift */; };
		5DB62FF72B827D23008778F2 /* CommonServices.swift in Sources */ = {isa = PBXBuildFile; fileRef = 5DB62FF62B827D23008778F2 /* CommonServices.swift */; };
		5DB62FF92B8281CB008778F2 /* CustomButton.swift in Sources */ = {isa = PBXBuildFile; fileRef = 5DB62FF82B8281CB008778F2 /* CustomButton.swift */; };
		5DC74ED02B7980D70078EAE7 /* Constants.swift in Sources */ = {isa = PBXBuildFile; fileRef = 5DC74ECF2B7980D70078EAE7 /* Constants.swift */; };
		5DC97CE32BE67DF500B32B04 /* EmptyView.swift in Sources */ = {isa = PBXBuildFile; fileRef = 5DC97CE22BE67DF500B32B04 /* EmptyView.swift */; };
		5DC9B6342B5D7E8A00A29964 /* CartViewModel.swift in Sources */ = {isa = PBXBuildFile; fileRef = 5DC9B6332B5D7E8A00A29964 /* CartViewModel.swift */; };
		5DC9B6362B5D838000A29964 /* Position.swift in Sources */ = {isa = PBXBuildFile; fileRef = 5DC9B6352B5D838000A29964 /* Position.swift */; };
		5DC9B6382B5DAB5700A29964 /* PositionCell.swift in Sources */ = {isa = PBXBuildFile; fileRef = 5DC9B6372B5DAB5700A29964 /* PositionCell.swift */; };
		5DC9B6782B60440D00A29964 /* AuthService.swift in Sources */ = {isa = PBXBuildFile; fileRef = 5DC9B6772B60440D00A29964 /* AuthService.swift */; };
		5DC9B6952B62E26B00A29964 /* MainTabBarViewModel.swift in Sources */ = {isa = PBXBuildFile; fileRef = 5DC9B6942B62E26B00A29964 /* MainTabBarViewModel.swift */; };
		5DC9B6972B62EE9100A29964 /* DetailedUser.swift in Sources */ = {isa = PBXBuildFile; fileRef = 5DC9B6962B62EE9100A29964 /* DetailedUser.swift */; };
		5DC9B6992B62EFC800A29964 /* DatabaseService.swift in Sources */ = {isa = PBXBuildFile; fileRef = 5DC9B6982B62EFC800A29964 /* DatabaseService.swift */; };
		5DE2ACD82B669A2600B619E6 /* OrderStatus.swift in Sources */ = {isa = PBXBuildFile; fileRef = 5DE2ACD72B669A2600B619E6 /* OrderStatus.swift */; };
		5DE51A092B7AB26B00B14218 /* AddProductView.swift in Sources */ = {isa = PBXBuildFile; fileRef = 5DE51A082B7AB26B00B14218 /* AddProductView.swift */; };
/* End PBXBuildFile section */

/* Begin PBXFileReference section */
		5D2BA5772B640F04001C8DE6 /* ProfileViewModel.swift */ = {isa = PBXFileReference; lastKnownFileType = sourcecode.swift; path = ProfileViewModel.swift; sourceTree = "<group>"; };
		5D2BA5792B658B91001C8DE6 /* Order.swift */ = {isa = PBXFileReference; lastKnownFileType = sourcecode.swift; path = Order.swift; sourceTree = "<group>"; };
		5D317FA22B6EEAD00059318B /* OrderCell.swift */ = {isa = PBXFileReference; lastKnownFileType = sourcecode.swift; path = OrderCell.swift; sourceTree = "<group>"; };
		5D317FA42B6FE01D0059318B /* AdminOrderView.swift */ = {isa = PBXFileReference; lastKnownFileType = sourcecode.swift; path = AdminOrderView.swift; sourceTree = "<group>"; };
		5D317FA72B6FE1D30059318B /* AdminOrdersViewModel.swift */ = {isa = PBXFileReference; lastKnownFileType = sourcecode.swift; path = AdminOrdersViewModel.swift; sourceTree = "<group>"; };
		5D317FA92B6FE60F0059318B /* OrderView.swift */ = {isa = PBXFileReference; lastKnownFileType = sourcecode.swift; path = OrderView.swift; sourceTree = "<group>"; };
		5D317FAB2B6FE6430059318B /* OrderViewModel.swift */ = {isa = PBXFileReference; lastKnownFileType = sourcecode.swift; path = OrderViewModel.swift; sourceTree = "<group>"; };
		5D4D11542BE2589D00691D84 /* PushNotificationView.swift */ = {isa = PBXFileReference; lastKnownFileType = sourcecode.swift; path = PushNotificationView.swift; sourceTree = "<group>"; };
		5D4E077B2B55847E00C9A8EB /* Pirouette.app */ = {isa = PBXFileReference; explicitFileType = wrapper.application; includeInIndex = 0; path = Pirouette.app; sourceTree = BUILT_PRODUCTS_DIR; };
		5D4E077E2B55847E00C9A8EB /* PirouetteApp.swift */ = {isa = PBXFileReference; lastKnownFileType = sourcecode.swift; path = PirouetteApp.swift; sourceTree = "<group>"; };
		5D4E07802B55847E00C9A8EB /* AuthView.swift */ = {isa = PBXFileReference; lastKnownFileType = sourcecode.swift; path = AuthView.swift; sourceTree = "<group>"; };
		5D4E07822B55848000C9A8EB /* Assets.xcassets */ = {isa = PBXFileReference; lastKnownFileType = folder.assetcatalog; path = Assets.xcassets; sourceTree = "<group>"; };
		5D4E07852B55848000C9A8EB /* Preview Assets.xcassets */ = {isa = PBXFileReference; lastKnownFileType = folder.assetcatalog; path = "Preview Assets.xcassets"; sourceTree = "<group>"; };
		5D4E078E2B59697900C9A8EB /* MainTabBar.swift */ = {isa = PBXFileReference; lastKnownFileType = sourcecode.swift; path = MainTabBar.swift; sourceTree = "<group>"; };
		5D4E07902B596DC800C9A8EB /* CatalogView.swift */ = {isa = PBXFileReference; lastKnownFileType = sourcecode.swift; path = CatalogView.swift; sourceTree = "<group>"; };
		5D4E07922B596E0700C9A8EB /* CartView.swift */ = {isa = PBXFileReference; lastKnownFileType = sourcecode.swift; path = CartView.swift; sourceTree = "<group>"; };
		5D4E07942B596E1B00C9A8EB /* ProfileView.swift */ = {isa = PBXFileReference; lastKnownFileType = sourcecode.swift; path = ProfileView.swift; sourceTree = "<group>"; };
		5D4E07972B5975DC00C9A8EB /* Product.swift */ = {isa = PBXFileReference; lastKnownFileType = sourcecode.swift; path = Product.swift; sourceTree = "<group>"; };
		5D4E07992B5976DC00C9A8EB /* ProductCell.swift */ = {isa = PBXFileReference; lastKnownFileType = sourcecode.swift; path = ProductCell.swift; sourceTree = "<group>"; };
		5D4E079D2B5A974E00C9A8EB /* CatalogViewModel.swift */ = {isa = PBXFileReference; lastKnownFileType = sourcecode.swift; path = CatalogViewModel.swift; sourceTree = "<group>"; };
		5D4E07A02B5AA14200C9A8EB /* ProductDetailedView.swift */ = {isa = PBXFileReference; lastKnownFileType = sourcecode.swift; path = ProductDetailedView.swift; sourceTree = "<group>"; };
		5D4E07A22B5AC89200C9A8EB /* ProductDetailViewModel.swift */ = {isa = PBXFileReference; lastKnownFileType = sourcecode.swift; path = ProductDetailViewModel.swift; sourceTree = "<group>"; };
		5D85C0572BB99D8700BB2000 /* Pirouette.entitlements */ = {isa = PBXFileReference; lastKnownFileType = text.plist.entitlements; path = Pirouette.entitlements; sourceTree = "<group>"; };
		5D85C0582BB9B5B600BB2000 /* Info.plist */ = {isa = PBXFileReference; lastKnownFileType = text.plist; path = Info.plist; sourceTree = "<group>"; };
		5D85C0942BB9CC9A00BB2000 /* GoogleService-Info.plist */ = {isa = PBXFileReference; fileEncoding = 4; lastKnownFileType = text.plist.xml; path = "GoogleService-Info.plist"; sourceTree = "<group>"; };
		5DB62FF42B815B02008778F2 /* StorageService.swift */ = {isa = PBXFileReference; lastKnownFileType = sourcecode.swift; path = StorageService.swift; sourceTree = "<group>"; };
		5DB62FF62B827D23008778F2 /* CommonServices.swift */ = {isa = PBXFileReference; lastKnownFileType = sourcecode.swift; path = CommonServices.swift; sourceTree = "<group>"; };
		5DB62FF82B8281CB008778F2 /* CustomButton.swift */ = {isa = PBXFileReference; lastKnownFileType = sourcecode.swift; path = CustomButton.swift; sourceTree = "<group>"; };
		5DC74ECF2B7980D70078EAE7 /* Constants.swift */ = {isa = PBXFileReference; lastKnownFileType = sourcecode.swift; path = Constants.swift; sourceTree = "<group>"; };
		5DC97CE22BE67DF500B32B04 /* EmptyView.swift */ = {isa = PBXFileReference; lastKnownFileType = sourcecode.swift; path = EmptyView.swift; sourceTree = "<group>"; };
		5DC9B6332B5D7E8A00A29964 /* CartViewModel.swift */ = {isa = PBXFileReference; lastKnownFileType = sourcecode.swift; path = CartViewModel.swift; sourceTree = "<group>"; };
		5DC9B6352B5D838000A29964 /* Position.swift */ = {isa = PBXFileReference; lastKnownFileType = sourcecode.swift; path = Position.swift; sourceTree = "<group>"; };
		5DC9B6372B5DAB5700A29964 /* PositionCell.swift */ = {isa = PBXFileReference; lastKnownFileType = sourcecode.swift; path = PositionCell.swift; sourceTree = "<group>"; };
		5DC9B6772B60440D00A29964 /* AuthService.swift */ = {isa = PBXFileReference; lastKnownFileType = sourcecode.swift; path = AuthService.swift; sourceTree = "<group>"; };
		5DC9B6942B62E26B00A29964 /* MainTabBarViewModel.swift */ = {isa = PBXFileReference; lastKnownFileType = sourcecode.swift; path = MainTabBarViewModel.swift; sourceTree = "<group>"; };
		5DC9B6962B62EE9100A29964 /* DetailedUser.swift */ = {isa = PBXFileReference; lastKnownFileType = sourcecode.swift; path = DetailedUser.swift; sourceTree = "<group>"; };
		5DC9B6982B62EFC800A29964 /* DatabaseService.swift */ = {isa = PBXFileReference; lastKnownFileType = sourcecode.swift; path = DatabaseService.swift; sourceTree = "<group>"; };
		5DE2ACD72B669A2600B619E6 /* OrderStatus.swift */ = {isa = PBXFileReference; lastKnownFileType = sourcecode.swift; path = OrderStatus.swift; sourceTree = "<group>"; };
		5DE51A082B7AB26B00B14218 /* AddProductView.swift */ = {isa = PBXFileReference; lastKnownFileType = sourcecode.swift; path = AddProductView.swift; sourceTree = "<group>"; };
/* End PBXFileReference section */

/* Begin PBXFrameworksBuildPhase section */
		5D4E07782B55847E00C9A8EB /* Frameworks */ = {
			isa = PBXFrameworksBuildPhase;
			buildActionMask = 2147483647;
			files = (
				5D85C0912BB9C91400BB2000 /* FirebaseMessaging in Frameworks */,
				5D85C08B2BB9C91400BB2000 /* FirebaseDatabase in Frameworks */,
				5D85C08D2BB9C91400BB2000 /* FirebaseFirestore in Frameworks */,
				5D85C08F2BB9C91400BB2000 /* FirebaseFunctions in Frameworks */,
				5D85C0932BB9C91400BB2000 /* FirebaseStorage in Frameworks */,
				5D85C0872BB9C91400BB2000 /* FirebaseAnalytics in Frameworks */,
				5D85C0892BB9C91400BB2000 /* FirebaseAuth in Frameworks */,
			);
			runOnlyForDeploymentPostprocessing = 0;
		};
/* End PBXFrameworksBuildPhase section */

/* Begin PBXGroup section */
		5D317FA62B6FE0270059318B /* AdminInterface */ = {
			isa = PBXGroup;
			children = (
				5D317FA42B6FE01D0059318B /* AdminOrderView.swift */,
				5D317FA92B6FE60F0059318B /* OrderView.swift */,
				5DE51A082B7AB26B00B14218 /* AddProductView.swift */,
			);
			path = AdminInterface;
			sourceTree = "<group>";
		};
		5D4E07722B55847E00C9A8EB = {
			isa = PBXGroup;
			children = (
				5D4E077D2B55847E00C9A8EB /* Pirouette */,
				5D4E077C2B55847E00C9A8EB /* Products */,
			);
			sourceTree = "<group>";
		};
		5D4E077C2B55847E00C9A8EB /* Products */ = {
			isa = PBXGroup;
			children = (
				5D4E077B2B55847E00C9A8EB /* Pirouette.app */,
			);
			name = Products;
			sourceTree = "<group>";
		};
		5D4E077D2B55847E00C9A8EB /* Pirouette */ = {
			isa = PBXGroup;
			children = (
				5D85C0582BB9B5B600BB2000 /* Info.plist */,
				5D85C0942BB9CC9A00BB2000 /* GoogleService-Info.plist */,
				5D85C0572BB99D8700BB2000 /* Pirouette.entitlements */,
				5D4E077E2B55847E00C9A8EB /* PirouetteApp.swift */,
				5DC97CE22BE67DF500B32B04 /* EmptyView.swift */,
				5D4E079C2B59812F00C9A8EB /* Model */,
				5D4E07962B5975B600C9A8EB /* View */,
				5D4E079F2B5A975400C9A8EB /* ViewModel */,
				5D4E07822B55848000C9A8EB /* Assets.xcassets */,
				5D4E07842B55848000C9A8EB /* Preview Content */,
				5DC9B6792B60441700A29964 /* Services */,
			);
			path = Pirouette;
			sourceTree = "<group>";
		};
		5D4E07842B55848000C9A8EB /* Preview Content */ = {
			isa = PBXGroup;
			children = (
				5D4E07852B55848000C9A8EB /* Preview Assets.xcassets */,
			);
			path = "Preview Content";
			sourceTree = "<group>";
		};
		5D4E07962B5975B600C9A8EB /* View */ = {
			isa = PBXGroup;
			children = (
				5D317FA62B6FE0270059318B /* AdminInterface */,
				5D4E07802B55847E00C9A8EB /* AuthView.swift */,
				5D4E07902B596DC800C9A8EB /* CatalogView.swift */,
				5D4E078E2B59697900C9A8EB /* MainTabBar.swift */,
				5D4E07922B596E0700C9A8EB /* CartView.swift */,
				5D4E07942B596E1B00C9A8EB /* ProfileView.swift */,
				5D4E07A02B5AA14200C9A8EB /* ProductDetailedView.swift */,
				5D4D11542BE2589D00691D84 /* PushNotificationView.swift */,
				5D4E079B2B59777E00C9A8EB /* Elements */,
			);
			path = View;
			sourceTree = "<group>";
		};
		5D4E079B2B59777E00C9A8EB /* Elements */ = {
			isa = PBXGroup;
			children = (
				5D4E07992B5976DC00C9A8EB /* ProductCell.swift */,
				5DC9B6372B5DAB5700A29964 /* PositionCell.swift */,
				5D317FA22B6EEAD00059318B /* OrderCell.swift */,
				5DB62FF82B8281CB008778F2 /* CustomButton.swift */,
			);
			path = Elements;
			sourceTree = "<group>";
		};
		5D4E079C2B59812F00C9A8EB /* Model */ = {
			isa = PBXGroup;
			children = (
				5D4E07972B5975DC00C9A8EB /* Product.swift */,
				5DC9B6352B5D838000A29964 /* Position.swift */,
				5D2BA5792B658B91001C8DE6 /* Order.swift */,
				5DE2ACD72B669A2600B619E6 /* OrderStatus.swift */,
				5DC9B6962B62EE9100A29964 /* DetailedUser.swift */,
				5DC74ECF2B7980D70078EAE7 /* Constants.swift */,
			);
			path = Model;
			sourceTree = "<group>";
		};
		5D4E079F2B5A975400C9A8EB /* ViewModel */ = {
			isa = PBXGroup;
			children = (
				5D4E079D2B5A974E00C9A8EB /* CatalogViewModel.swift */,
				5D4E07A22B5AC89200C9A8EB /* ProductDetailViewModel.swift */,
				5DC9B6332B5D7E8A00A29964 /* CartViewModel.swift */,
				5DC9B6942B62E26B00A29964 /* MainTabBarViewModel.swift */,
				5D2BA5772B640F04001C8DE6 /* ProfileViewModel.swift */,
				5D317FA72B6FE1D30059318B /* AdminOrdersViewModel.swift */,
				5D317FAB2B6FE6430059318B /* OrderViewModel.swift */,
			);
			path = ViewModel;
			sourceTree = "<group>";
		};
		5DC9B6792B60441700A29964 /* Services */ = {
			isa = PBXGroup;
			children = (
				5DC9B6772B60440D00A29964 /* AuthService.swift */,
				5DB62FF62B827D23008778F2 /* CommonServices.swift */,
				5DC9B6982B62EFC800A29964 /* DatabaseService.swift */,
				5DB62FF42B815B02008778F2 /* StorageService.swift */,
			);
			path = Services;
			sourceTree = "<group>";
		};
/* End PBXGroup section */

/* Begin PBXNativeTarget section */
		5D4E077A2B55847E00C9A8EB /* Pirouette */ = {
			isa = PBXNativeTarget;
			buildConfigurationList = 5D4E07892B55848000C9A8EB /* Build configuration list for PBXNativeTarget "Pirouette" */;
			buildPhases = (
				5D4E07772B55847E00C9A8EB /* Sources */,
				5D4E07782B55847E00C9A8EB /* Frameworks */,
				5D4E07792B55847E00C9A8EB /* Resources */,
			);
			buildRules = (
			);
			dependencies = (
			);
			name = Pirouette;
			packageProductDependencies = (
				5D85C0862BB9C91400BB2000 /* FirebaseAnalytics */,
				5D85C0882BB9C91400BB2000 /* FirebaseAuth */,
				5D85C08A2BB9C91400BB2000 /* FirebaseDatabase */,
				5D85C08C2BB9C91400BB2000 /* FirebaseFirestore */,
				5D85C08E2BB9C91400BB2000 /* FirebaseFunctions */,
				5D85C0902BB9C91400BB2000 /* FirebaseMessaging */,
				5D85C0922BB9C91400BB2000 /* FirebaseStorage */,
			);
			productName = Pirouette;
			productReference = 5D4E077B2B55847E00C9A8EB /* Pirouette.app */;
			productType = "com.apple.product-type.application";
		};
/* End PBXNativeTarget section */

/* Begin PBXProject section */
		5D4E07732B55847E00C9A8EB /* Project object */ = {
			isa = PBXProject;
			attributes = {
				BuildIndependentTargetsInParallel = 1;
				LastSwiftUpdateCheck = 1520;
				LastUpgradeCheck = 1520;
				TargetAttributes = {
					5D4E077A2B55847E00C9A8EB = {
						CreatedOnToolsVersion = 15.2;
					};
				};
			};
			buildConfigurationList = 5D4E07762B55847E00C9A8EB /* Build configuration list for PBXProject "Pirouette" */;
			compatibilityVersion = "Xcode 14.0";
			developmentRegion = en;
			hasScannedForEncodings = 0;
			knownRegions = (
				en,
				Base,
			);
			mainGroup = 5D4E07722B55847E00C9A8EB;
			packageReferences = (
				5D85C0852BB9C91400BB2000 /* XCRemoteSwiftPackageReference "firebase-ios-sdk" */,
			);
			productRefGroup = 5D4E077C2B55847E00C9A8EB /* Products */;
			projectDirPath = "";
			projectRoot = "";
			targets = (
				5D4E077A2B55847E00C9A8EB /* Pirouette */,
			);
		};
/* End PBXProject section */

/* Begin PBXResourcesBuildPhase section */
		5D4E07792B55847E00C9A8EB /* Resources */ = {
			isa = PBXResourcesBuildPhase;
			buildActionMask = 2147483647;
			files = (
				5D4E07862B55848000C9A8EB /* Preview Assets.xcassets in Resources */,
				5D4E07832B55848000C9A8EB /* Assets.xcassets in Resources */,
				5D85C0952BB9CC9A00BB2000 /* GoogleService-Info.plist in Resources */,
			);
			runOnlyForDeploymentPostprocessing = 0;
		};
/* End PBXResourcesBuildPhase section */

/* Begin PBXSourcesBuildPhase section */
		5D4E07772B55847E00C9A8EB /* Sources */ = {
			isa = PBXSourcesBuildPhase;
			buildActionMask = 2147483647;
			files = (
				5DC9B6992B62EFC800A29964 /* DatabaseService.swift in Sources */,
				5D317FA82B6FE1D30059318B /* AdminOrdersViewModel.swift in Sources */,
				5DC74ED02B7980D70078EAE7 /* Constants.swift in Sources */,
				5D2BA5782B640F04001C8DE6 /* ProfileViewModel.swift in Sources */,
				5D2BA57A2B658B91001C8DE6 /* Order.swift in Sources */,
				5D317FA52B6FE01D0059318B /* AdminOrderView.swift in Sources */,
				5DC9B6342B5D7E8A00A29964 /* CartViewModel.swift in Sources */,
				5DC9B6952B62E26B00A29964 /* MainTabBarViewModel.swift in Sources */,
				5D4E07A12B5AA14200C9A8EB /* ProductDetailedView.swift in Sources */,
				5D4E07932B596E0700C9A8EB /* CartView.swift in Sources */,
				5D4E078F2B59697900C9A8EB /* MainTabBar.swift in Sources */,
				5DC9B6972B62EE9100A29964 /* DetailedUser.swift in Sources */,
				5D4E07812B55847E00C9A8EB /* AuthView.swift in Sources */,
				5DC97CE32BE67DF500B32B04 /* EmptyView.swift in Sources */,
				5D4E07912B596DC800C9A8EB /* CatalogView.swift in Sources */,
				5DC9B6382B5DAB5700A29964 /* PositionCell.swift in Sources */,
				5D317FA32B6EEAD00059318B /* OrderCell.swift in Sources */,
				5DE51A092B7AB26B00B14218 /* AddProductView.swift in Sources */,
				5DB62FF92B8281CB008778F2 /* CustomButton.swift in Sources */,
				5DB62FF52B815B02008778F2 /* StorageService.swift in Sources */,
				5DE2ACD82B669A2600B619E6 /* OrderStatus.swift in Sources */,
				5D4E07A32B5AC89200C9A8EB /* ProductDetailViewModel.swift in Sources */,
				5DB62FF72B827D23008778F2 /* CommonServices.swift in Sources */,
				5DC9B6362B5D838000A29964 /* Position.swift in Sources */,
				5D4D11552BE2589D00691D84 /* PushNotificationView.swift in Sources */,
				5D4E07952B596E1B00C9A8EB /* ProfileView.swift in Sources */,
				5D317FAA2B6FE60F0059318B /* OrderView.swift in Sources */,
				5D4E079A2B5976DC00C9A8EB /* ProductCell.swift in Sources */,
				5D4E077F2B55847E00C9A8EB /* PirouetteApp.swift in Sources */,
				5DC9B6782B60440D00A29964 /* AuthService.swift in Sources */,
				5D317FAC2B6FE6430059318B /* OrderViewModel.swift in Sources */,
				5D4E07982B5975DC00C9A8EB /* Product.swift in Sources */,
				5D4E079E2B5A974E00C9A8EB /* CatalogViewModel.swift in Sources */,
			);
			runOnlyForDeploymentPostprocessing = 0;
		};
/* End PBXSourcesBuildPhase section */

/* Begin XCBuildConfiguration section */
		5D4E07872B55848000C9A8EB /* Debug */ = {
			isa = XCBuildConfiguration;
			buildSettings = {
				ALWAYS_SEARCH_USER_PATHS = NO;
				ASSETCATALOG_COMPILER_GENERATE_SWIFT_ASSET_SYMBOL_EXTENSIONS = YES;
				CLANG_ANALYZER_NONNULL = YES;
				CLANG_ANALYZER_NUMBER_OBJECT_CONVERSION = YES_AGGRESSIVE;
				CLANG_CXX_LANGUAGE_STANDARD = "gnu++20";
				CLANG_ENABLE_MODULES = YES;
				CLANG_ENABLE_OBJC_ARC = YES;
				CLANG_ENABLE_OBJC_WEAK = YES;
				CLANG_WARN_BLOCK_CAPTURE_AUTORELEASING = YES;
				CLANG_WARN_BOOL_CONVERSION = YES;
				CLANG_WARN_COMMA = YES;
				CLANG_WARN_CONSTANT_CONVERSION = YES;
				CLANG_WARN_DEPRECATED_OBJC_IMPLEMENTATIONS = YES;
				CLANG_WARN_DIRECT_OBJC_ISA_USAGE = YES_ERROR;
				CLANG_WARN_DOCUMENTATION_COMMENTS = YES;
				CLANG_WARN_EMPTY_BODY = YES;
				CLANG_WARN_ENUM_CONVERSION = YES;
				CLANG_WARN_INFINITE_RECURSION = YES;
				CLANG_WARN_INT_CONVERSION = YES;
				CLANG_WARN_NON_LITERAL_NULL_CONVERSION = YES;
				CLANG_WARN_OBJC_IMPLICIT_RETAIN_SELF = YES;
				CLANG_WARN_OBJC_LITERAL_CONVERSION = YES;
				CLANG_WARN_OBJC_ROOT_CLASS = YES_ERROR;
				CLANG_WARN_QUOTED_INCLUDE_IN_FRAMEWORK_HEADER = YES;
				CLANG_WARN_RANGE_LOOP_ANALYSIS = YES;
				CLANG_WARN_STRICT_PROTOTYPES = YES;
				CLANG_WARN_SUSPICIOUS_MOVE = YES;
				CLANG_WARN_UNGUARDED_AVAILABILITY = YES_AGGRESSIVE;
				CLANG_WARN_UNREACHABLE_CODE = YES;
				CLANG_WARN__DUPLICATE_METHOD_MATCH = YES;
				COPY_PHASE_STRIP = NO;
				DEBUG_INFORMATION_FORMAT = "dwarf-with-dsym";
				ENABLE_STRICT_OBJC_MSGSEND = YES;
				ENABLE_TESTABILITY = YES;
				ENABLE_USER_SCRIPT_SANDBOXING = YES;
				GCC_C_LANGUAGE_STANDARD = gnu17;
				GCC_DYNAMIC_NO_PIC = NO;
				GCC_NO_COMMON_BLOCKS = YES;
				GCC_OPTIMIZATION_LEVEL = 0;
				GCC_PREPROCESSOR_DEFINITIONS = (
					"DEBUG=1",
					"$(inherited)",
				);
				GCC_WARN_64_TO_32_BIT_CONVERSION = YES;
				GCC_WARN_ABOUT_RETURN_TYPE = YES_ERROR;
				GCC_WARN_UNDECLARED_SELECTOR = YES;
				GCC_WARN_UNINITIALIZED_AUTOS = YES_AGGRESSIVE;
				GCC_WARN_UNUSED_FUNCTION = YES;
				GCC_WARN_UNUSED_VARIABLE = YES;
				IPHONEOS_DEPLOYMENT_TARGET = 17.2;
				LOCALIZATION_PREFERS_STRING_CATALOGS = YES;
				MTL_ENABLE_DEBUG_INFO = INCLUDE_SOURCE;
				MTL_FAST_MATH = YES;
				ONLY_ACTIVE_ARCH = YES;
				SDKROOT = iphoneos;
				SWIFT_ACTIVE_COMPILATION_CONDITIONS = "DEBUG $(inherited)";
				SWIFT_OPTIMIZATION_LEVEL = "-Onone";
			};
			name = Debug;
		};
		5D4E07882B55848000C9A8EB /* Release */ = {
			isa = XCBuildConfiguration;
			buildSettings = {
				ALWAYS_SEARCH_USER_PATHS = NO;
				ASSETCATALOG_COMPILER_GENERATE_SWIFT_ASSET_SYMBOL_EXTENSIONS = YES;
				CLANG_ANALYZER_NONNULL = YES;
				CLANG_ANALYZER_NUMBER_OBJECT_CONVERSION = YES_AGGRESSIVE;
				CLANG_CXX_LANGUAGE_STANDARD = "gnu++20";
				CLANG_ENABLE_MODULES = YES;
				CLANG_ENABLE_OBJC_ARC = YES;
				CLANG_ENABLE_OBJC_WEAK = YES;
				CLANG_WARN_BLOCK_CAPTURE_AUTORELEASING = YES;
				CLANG_WARN_BOOL_CONVERSION = YES;
				CLANG_WARN_COMMA = YES;
				CLANG_WARN_CONSTANT_CONVERSION = YES;
				CLANG_WARN_DEPRECATED_OBJC_IMPLEMENTATIONS = YES;
				CLANG_WARN_DIRECT_OBJC_ISA_USAGE = YES_ERROR;
				CLANG_WARN_DOCUMENTATION_COMMENTS = YES;
				CLANG_WARN_EMPTY_BODY = YES;
				CLANG_WARN_ENUM_CONVERSION = YES;
				CLANG_WARN_INFINITE_RECURSION = YES;
				CLANG_WARN_INT_CONVERSION = YES;
				CLANG_WARN_NON_LITERAL_NULL_CONVERSION = YES;
				CLANG_WARN_OBJC_IMPLICIT_RETAIN_SELF = YES;
				CLANG_WARN_OBJC_LITERAL_CONVERSION = YES;
				CLANG_WARN_OBJC_ROOT_CLASS = YES_ERROR;
				CLANG_WARN_QUOTED_INCLUDE_IN_FRAMEWORK_HEADER = YES;
				CLANG_WARN_RANGE_LOOP_ANALYSIS = YES;
				CLANG_WARN_STRICT_PROTOTYPES = YES;
				CLANG_WARN_SUSPICIOUS_MOVE = YES;
				CLANG_WARN_UNGUARDED_AVAILABILITY = YES_AGGRESSIVE;
				CLANG_WARN_UNREACHABLE_CODE = YES;
				CLANG_WARN__DUPLICATE_METHOD_MATCH = YES;
				COPY_PHASE_STRIP = NO;
				DEBUG_INFORMATION_FORMAT = "dwarf-with-dsym";
				ENABLE_NS_ASSERTIONS = NO;
				ENABLE_STRICT_OBJC_MSGSEND = YES;
				ENABLE_USER_SCRIPT_SANDBOXING = YES;
				GCC_C_LANGUAGE_STANDARD = gnu17;
				GCC_NO_COMMON_BLOCKS = YES;
				GCC_WARN_64_TO_32_BIT_CONVERSION = YES;
				GCC_WARN_ABOUT_RETURN_TYPE = YES_ERROR;
				GCC_WARN_UNDECLARED_SELECTOR = YES;
				GCC_WARN_UNINITIALIZED_AUTOS = YES_AGGRESSIVE;
				GCC_WARN_UNUSED_FUNCTION = YES;
				GCC_WARN_UNUSED_VARIABLE = YES;
				IPHONEOS_DEPLOYMENT_TARGET = 17.2;
				LOCALIZATION_PREFERS_STRING_CATALOGS = YES;
				MTL_ENABLE_DEBUG_INFO = NO;
				MTL_FAST_MATH = YES;
				SDKROOT = iphoneos;
				SWIFT_COMPILATION_MODE = wholemodule;
				VALIDATE_PRODUCT = YES;
			};
			name = Release;
		};
		5D4E078A2B55848000C9A8EB /* Debug */ = {
			isa = XCBuildConfiguration;
			buildSettings = {
				ASSETCATALOG_COMPILER_APPICON_NAME = AppIcon;
				ASSETCATALOG_COMPILER_GLOBAL_ACCENT_COLOR_NAME = AccentColor;
				CODE_SIGN_ENTITLEMENTS = Pirouette/Pirouette.entitlements;
				CODE_SIGN_STYLE = Automatic;
				CURRENT_PROJECT_VERSION = 1;
				DEVELOPMENT_ASSET_PATHS = "\"Pirouette/Preview Content\"";
				DEVELOPMENT_TEAM = WXTVGCYAQM;
				ENABLE_PREVIEWS = YES;
				GENERATE_INFOPLIST_FILE = YES;
				INFOPLIST_FILE = Pirouette/Info.plist;
				INFOPLIST_KEY_UIApplicationSceneManifest_Generation = YES;
				INFOPLIST_KEY_UIApplicationSupportsIndirectInputEvents = YES;
				INFOPLIST_KEY_UILaunchScreen_Generation = YES;
				INFOPLIST_KEY_UISupportedInterfaceOrientations_iPad = "UIInterfaceOrientationPortrait UIInterfaceOrientationPortraitUpsideDown UIInterfaceOrientationLandscapeLeft UIInterfaceOrientationLandscapeRight";
				INFOPLIST_KEY_UISupportedInterfaceOrientations_iPhone = "UIInterfaceOrientationPortrait UIInterfaceOrientationLandscapeLeft UIInterfaceOrientationLandscapeRight";
				IPHONEOS_DEPLOYMENT_TARGET = 16.0;
				LD_RUNPATH_SEARCH_PATHS = (
					"$(inherited)",
					"@executable_path/Frameworks",
				);
				MARKETING_VERSION = 1.0;
				PRODUCT_BUNDLE_IDENTIFIER = personal.Pirouette;
				PRODUCT_NAME = "$(TARGET_NAME)";
				SWIFT_EMIT_LOC_STRINGS = YES;
				SWIFT_VERSION = 5.0;
				TARGETED_DEVICE_FAMILY = "1,2";
			};
			name = Debug;
		};
		5D4E078B2B55848000C9A8EB /* Release */ = {
			isa = XCBuildConfiguration;
			buildSettings = {
				ASSETCATALOG_COMPILER_APPICON_NAME = AppIcon;
				ASSETCATALOG_COMPILER_GLOBAL_ACCENT_COLOR_NAME = AccentColor;
				CODE_SIGN_ENTITLEMENTS = Pirouette/Pirouette.entitlements;
				CODE_SIGN_STYLE = Automatic;
				CURRENT_PROJECT_VERSION = 1;
				DEVELOPMENT_ASSET_PATHS = "\"Pirouette/Preview Content\"";
				DEVELOPMENT_TEAM = WXTVGCYAQM;
				ENABLE_PREVIEWS = YES;
				GENERATE_INFOPLIST_FILE = YES;
				INFOPLIST_FILE = Pirouette/Info.plist;
				INFOPLIST_KEY_UIApplicationSceneManifest_Generation = YES;
				INFOPLIST_KEY_UIApplicationSupportsIndirectInputEvents = YES;
				INFOPLIST_KEY_UILaunchScreen_Generation = YES;
				INFOPLIST_KEY_UISupportedInterfaceOrientations_iPad = "UIInterfaceOrientationPortrait UIInterfaceOrientationPortraitUpsideDown UIInterfaceOrientationLandscapeLeft UIInterfaceOrientationLandscapeRight";
				INFOPLIST_KEY_UISupportedInterfaceOrientations_iPhone = "UIInterfaceOrientationPortrait UIInterfaceOrientationLandscapeLeft UIInterfaceOrientationLandscapeRight";
				IPHONEOS_DEPLOYMENT_TARGET = 16.0;
				LD_RUNPATH_SEARCH_PATHS = (
					"$(inherited)",
					"@executable_path/Frameworks",
				);
				MARKETING_VERSION = 1.0;
				PRODUCT_BUNDLE_IDENTIFIER = personal.Pirouette;
				PRODUCT_NAME = "$(TARGET_NAME)";
				SWIFT_EMIT_LOC_STRINGS = YES;
				SWIFT_VERSION = 5.0;
				TARGETED_DEVICE_FAMILY = "1,2";
			};
			name = Release;
		};
/* End XCBuildConfiguration section */

/* Begin XCConfigurationList section */
		5D4E07762B55847E00C9A8EB /* Build configuration list for PBXProject "Pirouette" */ = {
			isa = XCConfigurationList;
			buildConfigurations = (
				5D4E07872B55848000C9A8EB /* Debug */,
				5D4E07882B55848000C9A8EB /* Release */,
			);
			defaultConfigurationIsVisible = 0;
			defaultConfigurationName = Release;
		};
		5D4E07892B55848000C9A8EB /* Build configuration list for PBXNativeTarget "Pirouette" */ = {
			isa = XCConfigurationList;
			buildConfigurations = (
				5D4E078A2B55848000C9A8EB /* Debug */,
				5D4E078B2B55848000C9A8EB /* Release */,
			);
			defaultConfigurationIsVisible = 0;
			defaultConfigurationName = Release;
		};
/* End XCConfigurationList section */

/* Begin XCRemoteSwiftPackageReference section */
		5D85C0852BB9C91400BB2000 /* XCRemoteSwiftPackageReference "firebase-ios-sdk" */ = {
			isa = XCRemoteSwiftPackageReference;
			repositoryURL = "https://github.com/firebase/firebase-ios-sdk";
			requirement = {
				kind = upToNextMajorVersion;
				minimumVersion = 10.23.1;
			};
		};
/* End XCRemoteSwiftPackageReference section */

/* Begin XCSwiftPackageProductDependency section */
		5D85C0862BB9C91400BB2000 /* FirebaseAnalytics */ = {
			isa = XCSwiftPackageProductDependency;
			package = 5D85C0852BB9C91400BB2000 /* XCRemoteSwiftPackageReference "firebase-ios-sdk" */;
			productName = FirebaseAnalytics;
		};
		5D85C0882BB9C91400BB2000 /* FirebaseAuth */ = {
			isa = XCSwiftPackageProductDependency;
			package = 5D85C0852BB9C91400BB2000 /* XCRemoteSwiftPackageReference "firebase-ios-sdk" */;
			productName = FirebaseAuth;
		};
		5D85C08A2BB9C91400BB2000 /* FirebaseDatabase */ = {
			isa = XCSwiftPackageProductDependency;
			package = 5D85C0852BB9C91400BB2000 /* XCRemoteSwiftPackageReference "firebase-ios-sdk" */;
			productName = FirebaseDatabase;
		};
		5D85C08C2BB9C91400BB2000 /* FirebaseFirestore */ = {
			isa = XCSwiftPackageProductDependency;
			package = 5D85C0852BB9C91400BB2000 /* XCRemoteSwiftPackageReference "firebase-ios-sdk" */;
			productName = FirebaseFirestore;
		};
		5D85C08E2BB9C91400BB2000 /* FirebaseFunctions */ = {
			isa = XCSwiftPackageProductDependency;
			package = 5D85C0852BB9C91400BB2000 /* XCRemoteSwiftPackageReference "firebase-ios-sdk" */;
			productName = FirebaseFunctions;
		};
		5D85C0902BB9C91400BB2000 /* FirebaseMessaging */ = {
			isa = XCSwiftPackageProductDependency;
			package = 5D85C0852BB9C91400BB2000 /* XCRemoteSwiftPackageReference "firebase-ios-sdk" */;
			productName = FirebaseMessaging;
		};
		5D85C0922BB9C91400BB2000 /* FirebaseStorage */ = {
			isa = XCSwiftPackageProductDependency;
			package = 5D85C0852BB9C91400BB2000 /* XCRemoteSwiftPackageReference "firebase-ios-sdk" */;
			productName = FirebaseStorage;
		};
/* End XCSwiftPackageProductDependency section */
	};
	rootObject = 5D4E07732B55847E00C9A8EB /* Project object */;
}
